
Microsoft Visual Studio Solution File, Format Version 12.00
# Visual Studio Version 17
VisualStudioVersion = 17.2.32602.215
MinimumVisualStudioVersion = 10.0.40219.1
Project("{9A19103F-16F7-4668-BE54-9A1E7A4F7556}") = "EroMangaTagDatabase", "EroMangaManager.Database\EroMangaTagDatabase.csproj", "{9E3EC0BD-841E-41BD-A892-0031F1A19875}"
EndProject
Project("{9A19103F-16F7-4668-BE54-9A1E7A4F7556}") = "DatabaseOperation", "DatabaseOperation\DatabaseOperation.csproj", "{4F70337C-F5DE-40BE-AF87-8E9BAFECF0DC}"
EndProject
Project("{2150E333-8FDC-42A3-9474-1A3956D46DE8}") = "Solution Items", "Solution Items", "{DDA24A8E-B83D-4667-A9BB-8D28704F6683}"
	ProjectSection(SolutionItems) = preProject
		分支更新.md = 分支更新.md
		分支目标.md = 分支目标.md
		备忘日志.md = 备忘日志.md
		添加功能.md = 添加功能.md
		结构调整.md = 结构调整.md
	EndProjectSection
EndProject
Project("{FAE04EC0-301F-11D3-BF4B-00C04F79EFBC}") = "本子管理器", "本子管理器\本子管理器.csproj", "{79BF3F69-21E1-41F2-95B4-F60B65BDF2A9}"
EndProject
Project("{9A19103F-16F7-4668-BE54-9A1E7A4F7556}") = "BaiduTranslate", "..\百度翻译\BaiduTranslate\BaiduTranslate.csproj", "{DD8B3916-8966-4A96-A63C-B75191F529E0}"
EndProject
Project("{9A19103F-16F7-4668-BE54-9A1E7A4F7556}") = "MyStandard20Library", "..\我的API库\MyStandard20Library\MyStandard20Library.csproj", "{39ECAD7B-2A10-465F-99C3-93DB627040B5}"
EndProject
Project("{FAE04EC0-301F-11D3-BF4B-00C04F79EFBC}") = "MyUWPLibrary", "..\我的API库\MyUWPLibrary\MyUWPLibrary.csproj", "{0B1515F5-9A8C-404A-BD4A-1F2645E4C67D}"
EndProject
Global
	GlobalSection(SolutionConfigurationPlatforms) = preSolution
		Debug|Any CPU = Debug|Any CPU
		Debug|ARM = Debug|ARM
		Debug|ARM64 = Debug|ARM64
		Debug|x64 = Debug|x64
		Debug|x86 = Debug|x86
		Release|Any CPU = Release|Any CPU
		Release|ARM = Release|ARM
		Release|ARM64 = Release|ARM64
		Release|x64 = Release|x64
		Release|x86 = Release|x86
	EndGlobalSection
	GlobalSection(ProjectConfigurationPlatforms) = postSolution
		{9E3EC0BD-841E-41BD-A892-0031F1A19875}.Debug|Any CPU.ActiveCfg = Debug|Any CPU
		{9E3EC0BD-841E-41BD-A892-0031F1A19875}.Debug|Any CPU.Build.0 = Debug|Any CPU
		{9E3EC0BD-841E-41BD-A892-0031F1A19875}.Debug|ARM.ActiveCfg = Debug|Any CPU
		{9E3EC0BD-841E-41BD-A892-0031F1A19875}.Debug|ARM.Build.0 = Debug|Any CPU
		{9E3EC0BD-841E-41BD-A892-0031F1A19875}.Debug|ARM64.ActiveCfg = Debug|Any CPU
		{9E3EC0BD-841E-41BD-A892-0031F1A19875}.Debug|ARM64.Build.0 = Debug|Any CPU
		{9E3EC0BD-841E-41BD-A892-0031F1A19875}.Debug|x64.ActiveCfg = Debug|Any CPU
		{9E3EC0BD-841E-41BD-A892-0031F1A19875}.Debug|x64.Build.0 = Debug|Any CPU
		{9E3EC0BD-841E-41BD-A892-0031F1A19875}.Debug|x86.ActiveCfg = Debug|Any CPU
		{9E3EC0BD-841E-41BD-A892-0031F1A19875}.Debug|x86.Build.0 = Debug|Any CPU
		{9E3EC0BD-841E-41BD-A892-0031F1A19875}.Release|Any CPU.ActiveCfg = Release|Any CPU
		{9E3EC0BD-841E-41BD-A892-0031F1A19875}.Release|Any CPU.Build.0 = Release|Any CPU
		{9E3EC0BD-841E-41BD-A892-0031F1A19875}.Release|ARM.ActiveCfg = Release|Any CPU
		{9E3EC0BD-841E-41BD-A892-0031F1A19875}.Release|ARM.Build.0 = Release|Any CPU
		{9E3EC0BD-841E-41BD-A892-0031F1A19875}.Release|ARM64.ActiveCfg = Release|Any CPU
		{9E3EC0BD-841E-41BD-A892-0031F1A19875}.Release|ARM64.Build.0 = Release|Any CPU
		{9E3EC0BD-841E-41BD-A892-0031F1A19875}.Release|x64.ActiveCfg = Release|Any CPU
		{9E3EC0BD-841E-41BD-A892-0031F1A19875}.Release|x64.Build.0 = Release|Any CPU
		{9E3EC0BD-841E-41BD-A892-0031F1A19875}.Release|x86.ActiveCfg = Release|Any CPU
		{9E3EC0BD-841E-41BD-A892-0031F1A19875}.Release|x86.Build.0 = Release|Any CPU
		{4F70337C-F5DE-40BE-AF87-8E9BAFECF0DC}.Debug|Any CPU.ActiveCfg = Debug|Any CPU
		{4F70337C-F5DE-40BE-AF87-8E9BAFECF0DC}.Debug|Any CPU.Build.0 = Debug|Any CPU
		{4F70337C-F5DE-40BE-AF87-8E9BAFECF0DC}.Debug|ARM.ActiveCfg = Debug|Any CPU
		{4F70337C-F5DE-40BE-AF87-8E9BAFECF0DC}.Debug|ARM.Build.0 = Debug|Any CPU
		{4F70337C-F5DE-40BE-AF87-8E9BAFECF0DC}.Debug|ARM64.ActiveCfg = Debug|Any CPU
		{4F70337C-F5DE-40BE-AF87-8E9BAFECF0DC}.Debug|ARM64.Build.0 = Debug|Any CPU
		{4F70337C-F5DE-40BE-AF87-8E9BAFECF0DC}.Debug|x64.ActiveCfg = Debug|Any CPU
		{4F70337C-F5DE-40BE-AF87-8E9BAFECF0DC}.Debug|x64.Build.0 = Debug|Any CPU
		{4F70337C-F5DE-40BE-AF87-8E9BAFECF0DC}.Debug|x86.ActiveCfg = Debug|Any CPU
		{4F70337C-F5DE-40BE-AF87-8E9BAFECF0DC}.Debug|x86.Build.0 = Debug|Any CPU
		{4F70337C-F5DE-40BE-AF87-8E9BAFECF0DC}.Release|Any CPU.ActiveCfg = Release|Any CPU
		{4F70337C-F5DE-40BE-AF87-8E9BAFECF0DC}.Release|Any CPU.Build.0 = Release|Any CPU
		{4F70337C-F5DE-40BE-AF87-8E9BAFECF0DC}.Release|ARM.ActiveCfg = Release|Any CPU
		{4F70337C-F5DE-40BE-AF87-8E9BAFECF0DC}.Release|ARM.Build.0 = Release|Any CPU
		{4F70337C-F5DE-40BE-AF87-8E9BAFECF0DC}.Release|ARM64.ActiveCfg = Release|Any CPU
		{4F70337C-F5DE-40BE-AF87-8E9BAFECF0DC}.Release|ARM64.Build.0 = Release|Any CPU
		{4F70337C-F5DE-40BE-AF87-8E9BAFECF0DC}.Release|x64.ActiveCfg = Release|Any CPU
		{4F70337C-F5DE-40BE-AF87-8E9BAFECF0DC}.Release|x64.Build.0 = Release|Any CPU
		{4F70337C-F5DE-40BE-AF87-8E9BAFECF0DC}.Release|x86.ActiveCfg = Release|Any CPU
		{4F70337C-F5DE-40BE-AF87-8E9BAFECF0DC}.Release|x86.Build.0 = Release|Any CPU
		{79BF3F69-21E1-41F2-95B4-F60B65BDF2A9}.Debug|Any CPU.ActiveCfg = Debug|x64
		{79BF3F69-21E1-41F2-95B4-F60B65BDF2A9}.Debug|Any CPU.Build.0 = Debug|x64
		{79BF3F69-21E1-41F2-95B4-F60B65BDF2A9}.Debug|Any CPU.Deploy.0 = Debug|x64
		{79BF3F69-21E1-41F2-95B4-F60B65BDF2A9}.Debug|ARM.ActiveCfg = Debug|ARM
		{79BF3F69-21E1-41F2-95B4-F60B65BDF2A9}.Debug|ARM.Build.0 = Debug|ARM
		{79BF3F69-21E1-41F2-95B4-F60B65BDF2A9}.Debug|ARM.Deploy.0 = Debug|ARM
		{79BF3F69-21E1-41F2-95B4-F60B65BDF2A9}.Debug|ARM64.ActiveCfg = Debug|ARM64
		{79BF3F69-21E1-41F2-95B4-F60B65BDF2A9}.Debug|ARM64.Build.0 = Debug|ARM64
		{79BF3F69-21E1-41F2-95B4-F60B65BDF2A9}.Debug|ARM64.Deploy.0 = Debug|ARM64
		{79BF3F69-21E1-41F2-95B4-F60B65BDF2A9}.Debug|x64.ActiveCfg = Debug|x64
		{79BF3F69-21E1-41F2-95B4-F60B65BDF2A9}.Debug|x64.Build.0 = Debug|x64
		{79BF3F69-21E1-41F2-95B4-F60B65BDF2A9}.Debug|x64.Deploy.0 = Debug|x64
		{79BF3F69-21E1-41F2-95B4-F60B65BDF2A9}.Debug|x86.ActiveCfg = Debug|x86
		{79BF3F69-21E1-41F2-95B4-F60B65BDF2A9}.Debug|x86.Build.0 = Debug|x86
		{79BF3F69-21E1-41F2-95B4-F60B65BDF2A9}.Debug|x86.Deploy.0 = Debug|x86
		{79BF3F69-21E1-41F2-95B4-F60B65BDF2A9}.Release|Any CPU.ActiveCfg = Release|x64
		{79BF3F69-21E1-41F2-95B4-F60B65BDF2A9}.Release|Any CPU.Build.0 = Release|x64
		{79BF3F69-21E1-41F2-95B4-F60B65BDF2A9}.Release|Any CPU.Deploy.0 = Release|x64
		{79BF3F69-21E1-41F2-95B4-F60B65BDF2A9}.Release|ARM.ActiveCfg = Release|ARM
		{79BF3F69-21E1-41F2-95B4-F60B65BDF2A9}.Release|ARM.Build.0 = Release|ARM
		{79BF3F69-21E1-41F2-95B4-F60B65BDF2A9}.Release|ARM.Deploy.0 = Release|ARM
		{79BF3F69-21E1-41F2-95B4-F60B65BDF2A9}.Release|ARM64.ActiveCfg = Release|ARM64
		{79BF3F69-21E1-41F2-95B4-F60B65BDF2A9}.Release|ARM64.Build.0 = Release|ARM64
		{79BF3F69-21E1-41F2-95B4-F60B65BDF2A9}.Release|ARM64.Deploy.0 = Release|ARM64
		{79BF3F69-21E1-41F2-95B4-F60B65BDF2A9}.Release|x64.ActiveCfg = Release|x64
		{79BF3F69-21E1-41F2-95B4-F60B65BDF2A9}.Release|x64.Build.0 = Release|x64
		{79BF3F69-21E1-41F2-95B4-F60B65BDF2A9}.Release|x64.Deploy.0 = Release|x64
		{79BF3F69-21E1-41F2-95B4-F60B65BDF2A9}.Release|x86.ActiveCfg = Release|x86
		{79BF3F69-21E1-41F2-95B4-F60B65BDF2A9}.Release|x86.Build.0 = Release|x86
		{79BF3F69-21E1-41F2-95B4-F60B65BDF2A9}.Release|x86.Deploy.0 = Release|x86
		{DD8B3916-8966-4A96-A63C-B75191F529E0}.Debug|Any CPU.ActiveCfg = Debug|Any CPU
		{DD8B3916-8966-4A96-A63C-B75191F529E0}.Debug|Any CPU.Build.0 = Debug|Any CPU
		{DD8B3916-8966-4A96-A63C-B75191F529E0}.Debug|ARM.ActiveCfg = Debug|Any CPU
		{DD8B3916-8966-4A96-A63C-B75191F529E0}.Debug|ARM.Build.0 = Debug|Any CPU
		{DD8B3916-8966-4A96-A63C-B75191F529E0}.Debug|ARM64.ActiveCfg = Debug|Any CPU
		{DD8B3916-8966-4A96-A63C-B75191F529E0}.Debug|ARM64.Build.0 = Debug|Any CPU
		{DD8B3916-8966-4A96-A63C-B75191F529E0}.Debug|x64.ActiveCfg = Debug|Any CPU
		{DD8B3916-8966-4A96-A63C-B75191F529E0}.Debug|x64.Build.0 = Debug|Any CPU
		{DD8B3916-8966-4A96-A63C-B75191F529E0}.Debug|x86.ActiveCfg = Debug|Any CPU
		{DD8B3916-8966-4A96-A63C-B75191F529E0}.Debug|x86.Build.0 = Debug|Any CPU
		{DD8B3916-8966-4A96-A63C-B75191F529E0}.Release|Any CPU.ActiveCfg = Release|Any CPU
		{DD8B3916-8966-4A96-A63C-B75191F529E0}.Release|Any CPU.Build.0 = Release|Any CPU
		{DD8B3916-8966-4A96-A63C-B75191F529E0}.Release|ARM.ActiveCfg = Release|Any CPU
		{DD8B3916-8966-4A96-A63C-B75191F529E0}.Release|ARM.Build.0 = Release|Any CPU
		{DD8B3916-8966-4A96-A63C-B75191F529E0}.Release|ARM64.ActiveCfg = Release|Any CPU
		{DD8B3916-8966-4A96-A63C-B75191F529E0}.Release|ARM64.Build.0 = Release|Any CPU
		{DD8B3916-8966-4A96-A63C-B75191F529E0}.Release|x64.ActiveCfg = Release|Any CPU
		{DD8B3916-8966-4A96-A63C-B75191F529E0}.Release|x64.Build.0 = Release|Any CPU
		{DD8B3916-8966-4A96-A63C-B75191F529E0}.Release|x86.ActiveCfg = Release|Any CPU
		{DD8B3916-8966-4A96-A63C-B75191F529E0}.Release|x86.Build.0 = Release|Any CPU
		{39ECAD7B-2A10-465F-99C3-93DB627040B5}.Debug|Any CPU.ActiveCfg = Debug|Any CPU
		{39ECAD7B-2A10-465F-99C3-93DB627040B5}.Debug|Any CPU.Build.0 = Debug|Any CPU
		{39ECAD7B-2A10-465F-99C3-93DB627040B5}.Debug|ARM.ActiveCfg = Debug|Any CPU
		{39ECAD7B-2A10-465F-99C3-93DB627040B5}.Debug|ARM.Build.0 = Debug|Any CPU
		{39ECAD7B-2A10-465F-99C3-93DB627040B5}.Debug|ARM64.ActiveCfg = Debug|Any CPU
		{39ECAD7B-2A10-465F-99C3-93DB627040B5}.Debug|ARM64.Build.0 = Debug|Any CPU
		{39ECAD7B-2A10-465F-99C3-93DB627040B5}.Debug|x64.ActiveCfg = Debug|Any CPU
		{39ECAD7B-2A10-465F-99C3-93DB627040B5}.Debug|x64.Build.0 = Debug|Any CPU
		{39ECAD7B-2A10-465F-99C3-93DB627040B5}.Debug|x86.ActiveCfg = Debug|Any CPU
		{39ECAD7B-2A10-465F-99C3-93DB627040B5}.Debug|x86.Build.0 = Debug|Any CPU
		{39ECAD7B-2A10-465F-99C3-93DB627040B5}.Release|Any CPU.ActiveCfg = Release|Any CPU
		{39ECAD7B-2A10-465F-99C3-93DB627040B5}.Release|Any CPU.Build.0 = Release|Any CPU
		{39ECAD7B-2A10-465F-99C3-93DB627040B5}.Release|ARM.ActiveCfg = Release|Any CPU
		{39ECAD7B-2A10-465F-99C3-93DB627040B5}.Release|ARM.Build.0 = Release|Any CPU
		{39ECAD7B-2A10-465F-99C3-93DB627040B5}.Release|ARM64.ActiveCfg = Release|Any CPU
		{39ECAD7B-2A10-465F-99C3-93DB627040B5}.Release|ARM64.Build.0 = Release|Any CPU
		{39ECAD7B-2A10-465F-99C3-93DB627040B5}.Release|x64.ActiveCfg = Release|Any CPU
		{39ECAD7B-2A10-465F-99C3-93DB627040B5}.Release|x64.Build.0 = Release|Any CPU
		{39ECAD7B-2A10-465F-99C3-93DB627040B5}.Release|x86.ActiveCfg = Release|Any CPU
		{39ECAD7B-2A10-465F-99C3-93DB627040B5}.Release|x86.Build.0 = Release|Any CPU
		{0B1515F5-9A8C-404A-BD4A-1F2645E4C67D}.Debug|Any CPU.ActiveCfg = Debug|Any CPU
		{0B1515F5-9A8C-404A-BD4A-1F2645E4C67D}.Debug|Any CPU.Build.0 = Debug|Any CPU
		{0B1515F5-9A8C-404A-BD4A-1F2645E4C67D}.Debug|ARM.ActiveCfg = Debug|ARM
		{0B1515F5-9A8C-404A-BD4A-1F2645E4C67D}.Debug|ARM.Build.0 = Debug|ARM
		{0B1515F5-9A8C-404A-BD4A-1F2645E4C67D}.Debug|ARM64.ActiveCfg = Debug|ARM64
		{0B1515F5-9A8C-404A-BD4A-1F2645E4C67D}.Debug|ARM64.Build.0 = Debug|ARM64
		{0B1515F5-9A8C-404A-BD4A-1F2645E4C67D}.Debug|x64.ActiveCfg = Debug|x64
		{0B1515F5-9A8C-404A-BD4A-1F2645E4C67D}.Debug|x64.Build.0 = Debug|x64
		{0B1515F5-9A8C-404A-BD4A-1F2645E4C67D}.Debug|x86.ActiveCfg = Debug|x86
		{0B1515F5-9A8C-404A-BD4A-1F2645E4C67D}.Debug|x86.Build.0 = Debug|x86
		{0B1515F5-9A8C-404A-BD4A-1F2645E4C67D}.Release|Any CPU.ActiveCfg = Release|Any CPU
		{0B1515F5-9A8C-404A-BD4A-1F2645E4C67D}.Release|Any CPU.Build.0 = Release|Any CPU
		{0B1515F5-9A8C-404A-BD4A-1F2645E4C67D}.Release|ARM.ActiveCfg = Release|ARM
		{0B1515F5-9A8C-404A-BD4A-1F2645E4C67D}.Release|ARM.Build.0 = Release|ARM
		{0B1515F5-9A8C-404A-BD4A-1F2645E4C67D}.Release|ARM64.ActiveCfg = Release|ARM64
		{0B1515F5-9A8C-404A-BD4A-1F2645E4C67D}.Release|ARM64.Build.0 = Release|ARM64
		{0B1515F5-9A8C-404A-BD4A-1F2645E4C67D}.Release|x64.ActiveCfg = Release|x64
		{0B1515F5-9A8C-404A-BD4A-1F2645E4C67D}.Release|x64.Build.0 = Release|x64
		{0B1515F5-9A8C-404A-BD4A-1F2645E4C67D}.Release|x86.ActiveCfg = Release|x86
		{0B1515F5-9A8C-404A-BD4A-1F2645E4C67D}.Release|x86.Build.0 = Release|x86
	EndGlobalSection
	GlobalSection(SolutionProperties) = preSolution
		HideSolutionNode = FALSE
	EndGlobalSection
	GlobalSection(ExtensibilityGlobals) = postSolution
		SolutionGuid = {D2014820-8BB0-4565-9BBD-005A09A9D857}
	EndGlobalSection
EndGlobal
